
Microsoft Visual Studio Solution File, Format Version 12.00
# Visual Studio Version 17
VisualStudioVersion = 17.4.33110.190
MinimumVisualStudioVersion = 10.0.40219.1
Project("{FAE04EC0-301F-11D3-BF4B-00C04F79EFBC}") = "Notice_Board", "Notice_Board\Notice_Board.csproj", "{A6D422ED-E565-49FB-B72F-A6EA99F8C5FF}"
EndProject
Project("{FAE04EC0-301F-11D3-BF4B-00C04F79EFBC}") = "TestProject", "TestProject\TestProject.csproj", "{1DDA3904-C493-4BD2-BCD2-E0B246036F5B}"
EndProject
Global
	GlobalSection(SolutionConfigurationPlatforms) = preSolution
		Debug|Any CPU = Debug|Any CPU
		Release|Any CPU = Release|Any CPU
	EndGlobalSection
	GlobalSection(ProjectConfigurationPlatforms) = postSolution
		{A6D422ED-E565-49FB-B72F-A6EA99F8C5FF}.Debug|Any CPU.ActiveCfg = Debug|Any CPU
		{A6D422ED-E565-49FB-B72F-A6EA99F8C5FF}.Debug|Any CPU.Build.0 = Debug|Any CPU
		{A6D422ED-E565-49FB-B72F-A6EA99F8C5FF}.Release|Any CPU.ActiveCfg = Release|Any CPU
		{A6D422ED-E565-49FB-B72F-A6EA99F8C5FF}.Release|Any CPU.Build.0 = Release|Any CPU
		{1DDA3904-C493-4BD2-BCD2-E0B246036F5B}.Debug|Any CPU.ActiveCfg = Debug|Any CPU
		{1DDA3904-C493-4BD2-BCD2-E0B246036F5B}.Debug|Any CPU.Build.0 = Debug|Any CPU
		{1DDA3904-C493-4BD2-BCD2-E0B246036F5B}.Release|Any CPU.ActiveCfg = Release|Any CPU
		{1DDA3904-C493-4BD2-BCD2-E0B246036F5B}.Release|Any CPU.Build.0 = Release|Any CPU
	EndGlobalSection
	GlobalSection(SolutionProperties) = preSolution
		HideSolutionNode = FALSE
	EndGlobalSection
	GlobalSection(ExtensibilityGlobals) = postSolution
		SolutionGuid = {25C907AE-FA96-4A4D-BDF7-3169FB12D8FC}
	EndGlobalSection
EndGlobal
